Microsoft Visual Studio Solution File, Format Version 12.00
# Visual Studio Version 17
VisualStudioVersion = 17.5.2.0
MinimumVisualStudioVersion = 10.0.40219.1
Project("{FAE04EC0-301F-11D3-BF4B-00C04F79EFBC}") = "WebAppProject", "WebAppProject.csproj", "{8E9BFE8D-54F8-2D4E-FFAF-00AC1C1F0BB7}"
EndProject
Global
	GlobalSection(SolutionConfigurationPlatforms) = preSolution
		Debug|Any CPU = Debug|Any CPU
		Release|Any CPU = Release|Any CPU
	EndGlobalSection
	GlobalSection(ProjectConfigurationPlatforms) = postSolution
		{8E9BFE8D-54F8-2D4E-FFAF-00AC1C1F0BB7}.Debug|Any CPU.ActiveCfg = Debug|Any CPU
		{8E9BFE8D-54F8-2D4E-FFAF-00AC1C1F0BB7}.Debug|Any CPU.Build.0 = Debug|Any CPU
		{8E9BFE8D-54F8-2D4E-FFAF-00AC1C1F0BB7}.Release|Any CPU.ActiveCfg = Release|Any CPU
		{8E9BFE8D-54F8-2D4E-FFAF-00AC1C1F0BB7}.Release|Any CPU.Build.0 = Release|Any CPU
	EndGlobalSection
	GlobalSection(SolutionProperties) = preSolution
		HideSolutionNode = FALSE
	EndGlobalSection
	GlobalSection(ExtensibilityGlobals) = postSolution
		SolutionGuid = {56737D8C-19BA-419A-BC32-245AE419447A}
	EndGlobalSection
EndGlobal
